
Microsoft Visual Studio Solution File, Format Version 12.00
# Visual Studio Version 16
VisualStudioVersion = 16.0.31729.503
MinimumVisualStudioVersion = 10.0.40219.1
Project("{888888A0-9F3D-457C-B088-3A5042F75D52}") = "KatesObjectOrientedPython", "KatesObjectOrientedPython.pyproj", "{4BBC1131-C12F-4193-9326-A826E96141EC}"
EndProject
Global
	GlobalSection(SolutionConfigurationPlatforms) = preSolution
		Debug|Any CPU = Debug|Any CPU
		Release|Any CPU = Release|Any CPU
	EndGlobalSection
	GlobalSection(ProjectConfigurationPlatforms) = postSolution
		{4BBC1131-C12F-4193-9326-A826E96141EC}.Debug|Any CPU.ActiveCfg = Debug|Any CPU
		{4BBC1131-C12F-4193-9326-A826E96141EC}.Release|Any CPU.ActiveCfg = Release|Any CPU
	EndGlobalSection
	GlobalSection(SolutionProperties) = preSolution
		HideSolutionNode = FALSE
	EndGlobalSection
	GlobalSection(ExtensibilityGlobals) = postSolution
		SolutionGuid = {8857B704-88D9-4745-B5EE-380869A368B6}
	EndGlobalSection
EndGlobal
